
Microsoft Visual Studio Solution File, Format Version 12.00
# Visual Studio Version 17
VisualStudioVersion = 17.2.32630.192
MinimumVisualStudioVersion = 10.0.40219.1
Project("{FAE04EC0-301F-11D3-BF4B-00C04F79EFBC}") = "Employee_Dapper", "Employee_Dapper\Employee_Dapper.csproj", "{4C82712A-ED05-481E-9914-E5D5BF99C9CD}"
EndProject
Global
	GlobalSection(SolutionConfigurationPlatforms) = preSolution
		Debug|Any CPU = Debug|Any CPU
		Release|Any CPU = Release|Any CPU
	EndGlobalSection
	GlobalSection(ProjectConfigurationPlatforms) = postSolution
		{4C82712A-ED05-481E-9914-E5D5BF99C9CD}.Debug|Any CPU.ActiveCfg = Debug|Any CPU
		{4C82712A-ED05-481E-9914-E5D5BF99C9CD}.Debug|Any CPU.Build.0 = Debug|Any CPU
		{4C82712A-ED05-481E-9914-E5D5BF99C9CD}.Release|Any CPU.ActiveCfg = Release|Any CPU
		{4C82712A-ED05-481E-9914-E5D5BF99C9CD}.Release|Any CPU.Build.0 = Release|Any CPU
	EndGlobalSection
	GlobalSection(SolutionProperties) = preSolution
		HideSolutionNode = FALSE
	EndGlobalSection
	GlobalSection(ExtensibilityGlobals) = postSolution
		SolutionGuid = {99AE1DA0-D6B6-4173-8282-09CF4C40D75E}
	EndGlobalSection
EndGlobal
